
Microsoft Visual Studio Solution File, Format Version 12.00
# Visual Studio Version 17
VisualStudioVersion = 17.3.32922.545
MinimumVisualStudioVersion = 10.0.40219.1
Project("{FAE04EC0-301F-11D3-BF4B-00C04F79EFBC}") = "UserInterfaceTestProject", "UserInterfaceTestProject\UserInterfaceTestProject.csproj", "{BB4536C1-8EA3-40DE-B956-FB9B8DA48055}"
EndProject
Global
	GlobalSection(SolutionConfigurationPlatforms) = preSolution
		Debug|Any CPU = Debug|Any CPU
		Release|Any CPU = Release|Any CPU
	EndGlobalSection
	GlobalSection(ProjectConfigurationPlatforms) = postSolution
		{BB4536C1-8EA3-40DE-B956-FB9B8DA48055}.Debug|Any CPU.ActiveCfg = Debug|Any CPU
		{BB4536C1-8EA3-40DE-B956-FB9B8DA48055}.Debug|Any CPU.Build.0 = Debug|Any CPU
		{BB4536C1-8EA3-40DE-B956-FB9B8DA48055}.Release|Any CPU.ActiveCfg = Release|Any CPU
		{BB4536C1-8EA3-40DE-B956-FB9B8DA48055}.Release|Any CPU.Build.0 = Release|Any CPU
	EndGlobalSection
	GlobalSection(SolutionProperties) = preSolution
		HideSolutionNode = FALSE
	EndGlobalSection
	GlobalSection(ExtensibilityGlobals) = postSolution
		SolutionGuid = {05C98A6E-F06E-4C0E-85C4-6B6971DE697A}
	EndGlobalSection
EndGlobal
